// !$*UTF8*$!
{
	archiveVersion = 1;
	classes = {
	};
	objectVersion = 50;
	objects = {

/* Begin PBXBuildFile section */
		582F6FD6226011FA00AA183D /* AppDelegate.swift in Sources */ = {isa = PBXBuildFile; fileRef = 582F6FD5226011FA00AA183D /* AppDelegate.swift */; };
		582F6FD8226011FA00AA183D /* GameScene.sks in Resources */ = {isa = PBXBuildFile; fileRef = 582F6FD7226011FA00AA183D /* GameScene.sks */; };
		582F6FDC226011FA00AA183D /* GameScene.swift in Sources */ = {isa = PBXBuildFile; fileRef = 582F6FDB226011FA00AA183D /* GameScene.swift */; };
		582F6FDE226011FA00AA183D /* GameViewController.swift in Sources */ = {isa = PBXBuildFile; fileRef = 582F6FDD226011FA00AA183D /* GameViewController.swift */; };
		582F6FE1226011FA00AA183D /* Main.storyboard in Resources */ = {isa = PBXBuildFile; fileRef = 582F6FDF226011FA00AA183D /* Main.storyboard */; };
		582F6FE32260120300AA183D /* Assets.xcassets in Resources */ = {isa = PBXBuildFile; fileRef = 582F6FE22260120300AA183D /* Assets.xcassets */; };
		582F6FE62260120300AA183D /* LaunchScreen.storyboard in Resources */ = {isa = PBXBuildFile; fileRef = 582F6FE42260120300AA183D /* LaunchScreen.storyboard */; };
		582F6FEF2260124800AA183D /* explode.sks in Resources */ = {isa = PBXBuildFile; fileRef = 582F6FED2260124800AA183D /* explode.sks */; };
		582F6FF02260124800AA183D /* fuse.sks in Resources */ = {isa = PBXBuildFile; fileRef = 582F6FEE2260124800AA183D /* fuse.sks */; };
/* End PBXBuildFile section */

/* Begin PBXFileReference section */
		582F6FD2226011FA00AA183D /* Project20.app */ = {isa = PBXFileReference; explicitFileType = wrapper.application; includeInIndex = 0; path = Project20.app; sourceTree = BUILT_PRODUCTS_DIR; };
		582F6FD5226011FA00AA183D /* AppDelegate.swift */ = {isa = PBXFileReference; lastKnownFileType = sourcecode.swift; path = AppDelegate.swift; sourceTree = "<group>"; };
		582F6FD7226011FA00AA183D /* GameScene.sks */ = {isa = PBXFileReference; lastKnownFileType = file.sks; path = GameScene.sks; sourceTree = "<group>"; };
		582F6FDB226011FA00AA183D /* GameScene.swift */ = {isa = PBXFileReference; lastKnownFileType = sourcecode.swift; path = GameScene.swift; sourceTree = "<group>"; };
		582F6FDD226011FA00AA183D /* GameViewController.swift */ = {isa = PBXFileReference; lastKnownFileType = sourcecode.swift; path = GameViewController.swift; sourceTree = "<group>"; };
		582F6FE0226011FA00AA183D /* Base */ = {isa = PBXFileReference; lastKnownFileType = file.storyboard; name = Base; path = Base.lproj/Main.storyboard; sourceTree = "<group>"; };
		582F6FE22260120300AA183D /* Assets.xcassets */ = {isa = PBXFileReference; lastKnownFileType = folder.assetcatalog; path = Assets.xcassets; sourceTree = "<group>"; };
		582F6FE52260120300AA183D /* Base */ = {isa = PBXFileReference; lastKnownFileType = file.storyboard; name = Base; path = Base.lproj/LaunchScreen.storyboard; sourceTree = "<group>"; };
		582F6FE72260120400AA183D /* Info.plist */ = {isa = PBXFileReference; lastKnownFileType = text.plist.xml; path = Info.plist; sourceTree = "<group>"; };
		582F6FED2260124800AA183D /* explode.sks */ = {isa = PBXFileReference; lastKnownFileType = file.sks; path = explode.sks; sourceTree = "<group>"; };
		582F6FEE2260124800AA183D /* fuse.sks */ = {isa = PBXFileReference; lastKnownFileType = file.sks; path = fuse.sks; sourceTree = "<group>"; };
/* End PBXFileReference section */

/* Begin PBXFrameworksBuildPhase section */
		582F6FCF226011FA00AA183D /* Frameworks */ = {
			isa = PBXFrameworksBuildPhase;
			buildActionMask = 2147483647;
			files = (
			);
			runOnlyForDeploymentPostprocessing = 0;
		};
/* End PBXFrameworksBuildPhase section */

/* Begin PBXGroup section */
		582F6FC9226011FA00AA183D = {
			isa = PBXGroup;
			children = (
				582F6FD4226011FA00AA183D /* Project20 */,
				582F6FD3226011FA00AA183D /* Products */,
			);
			sourceTree = "<group>";
		};
		582F6FD3226011FA00AA183D /* Products */ = {
			isa = PBXGroup;
			children = (
				582F6FD2226011FA00AA183D /* Project20.app */,
			);
			name = Products;
			sourceTree = "<group>";
		};
		582F6FD4226011FA00AA183D /* Project20 */ = {
			isa = PBXGroup;
			children = (
				582F6FD5226011FA00AA183D /* AppDelegate.swift */,
				582F6FD7226011FA00AA183D /* GameScene.sks */,
				582F6FDB226011FA00AA183D /* GameScene.swift */,
				582F6FDD226011FA00AA183D /* GameViewController.swift */,
				582F6FDF226011FA00AA183D /* Main.storyboard */,
				582F6FE22260120300AA183D /* Assets.xcassets */,
				582F6FE42260120300AA183D /* LaunchScreen.storyboard */,
				582F6FE72260120400AA183D /* Info.plist */,
				582F6FED2260124800AA183D /* explode.sks */,
				582F6FEE2260124800AA183D /* fuse.sks */,
			);
			path = Project20;
			sourceTree = "<group>";
		};
/* End PBXGroup section */

/* Begin PBXNativeTarget section */
		582F6FD1226011FA00AA183D /* Project20 */ = {
			isa = PBXNativeTarget;
			buildConfigurationList = 582F6FEA2260120400AA183D /* Build configuration list for PBXNativeTarget "Project20" */;
			buildPhases = (
				582F6FCE226011FA00AA183D /* Sources */,
				582F6FCF226011FA00AA183D /* Frameworks */,
				582F6FD0226011FA00AA183D /* Resources */,
			);
			buildRules = (
			);
			dependencies = (
			);
			name = Project20;
			productName = Project20;
			productReference = 582F6FD2226011FA00AA183D /* Project20.app */;
			productType = "com.apple.product-type.application";
		};
/* End PBXNativeTarget section */

/* Begin PBXProject section */
		582F6FCA226011FA00AA183D /* Project object */ = {
			isa = PBXProject;
			attributes = {
				LastSwiftUpdateCheck = 1010;
				LastUpgradeCheck = 1010;
				ORGANIZATIONNAME = "Giulia Boscaro";
				TargetAttributes = {
					582F6FD1226011FA00AA183D = {
						CreatedOnToolsVersion = 10.1;
					};
				};
			};
			buildConfigurationList = 582F6FCD226011FA00AA183D /* Build configuration list for PBXProject "Project20" */;
			compatibilityVersion = "Xcode 9.3";
			developmentRegion = en;
			hasScannedForEncodings = 0;
			knownRegions = (
				en,
				Base,
			);
			mainGroup = 582F6FC9226011FA00AA183D;
			productRefGroup = 582F6FD3226011FA00AA183D /* Products */;
			projectDirPath = "";
			projectRoot = "";
			targets = (
				582F6FD1226011FA00AA183D /* Project20 */,
			);
		};
/* End PBXProject section */

/* Begin PBXResourcesBuildPhase section */
		582F6FD0226011FA00AA183D /* Resources */ = {
			isa = PBXResourcesBuildPhase;
			buildActionMask = 2147483647;
			files = (
				582F6FE1226011FA00AA183D /* Main.storyboard in Resources */,
				582F6FD8226011FA00AA183D /* GameScene.sks in Resources */,
				582F6FE32260120300AA183D /* Assets.xcassets in Resources */,
				582F6FE62260120300AA183D /* LaunchScreen.storyboard in Resources */,
				582F6FF02260124800AA183D /* fuse.sks in Resources */,
				582F6FEF2260124800AA183D /* explode.sks in Resources */,
			);
			runOnlyForDeploymentPostprocessing = 0;
		};
/* End PBXResourcesBuildPhase section */

/* Begin PBXSourcesBuildPhase section */
		582F6FCE226011FA00AA183D /* Sources */ = {
			isa = PBXSourcesBuildPhase;
			buildActionMask = 2147483647;
			files = (
				582F6FDC226011FA00AA183D /* GameScene.swift in Sources */,
				582F6FDE226011FA00AA183D /* GameViewController.swift in Sources */,
				582F6FD6226011FA00AA183D /* AppDelegate.swift in Sources */,
			);
			runOnlyForDeploymentPostprocessing = 0;
		};
/* End PBXSourcesBuildPhase section */

/* Begin PBXVariantGroup section */
		582F6FDF226011FA00AA183D /* Main.storyboard */ = {
			isa = PBXVariantGroup;
			children = (
				582F6FE0226011FA00AA183D /* Base */,
			);
			name = Main.storyboard;
			sourceTree = "<group>";
		};
		582F6FE42260120300AA183D /* LaunchScreen.storyboard */ = {
			isa = PBXVariantGroup;
			children = (
				582F6FE52260120300AA183D /* Base */,
			);
			name = LaunchScreen.storyboard;
			sourceTree = "<group>";
		};
/* End PBXVariantGroup section */

/* Begin XCBuildConfiguration section */
		582F6FE82260120400AA183D /* Debug */ = {
			isa = XCBuildConfiguration;
			buildSettings = {
				ALWAYS_SEARCH_USER_PATHS = NO;
				CLANG_ANALYZER_NONNULL = YES;
				CLANG_ANALYZER_NUMBER_OBJECT_CONVERSION = YES_AGGRESSIVE;
				CLANG_CXX_LANGUAGE_STANDARD = "gnu++14";
				CLANG_CXX_LIBRARY = "libc++";
				CLANG_ENABLE_MODULES = YES;
				CLANG_ENABLE_OBJC_ARC = YES;
				CLANG_ENABLE_OBJC_WEAK = YES;
				CLANG_WARN_BLOCK_CAPTURE_AUTORELEASING = YES;
				CLANG_WARN_BOOL_CONVERSION = YES;
				CLANG_WARN_COMMA = YES;
				CLANG_WARN_CONSTANT_CONVERSION = YES;
				CLANG_WARN_DEPRECATED_OBJC_IMPLEMENTATIONS = YES;
				CLANG_WARN_DIRECT_OBJC_ISA_USAGE = YES_ERROR;
				CLANG_WARN_DOCUMENTATION_COMMENTS = YES;
				CLANG_WARN_EMPTY_BODY = YES;
				CLANG_WARN_ENUM_CONVERSION = YES;
				CLANG_WARN_INFINITE_RECURSION = YES;
				CLANG_WARN_INT_CONVERSION = YES;
				CLANG_WARN_NON_LITERAL_NULL_CONVERSION = YES;
				CLANG_WARN_OBJC_IMPLICIT_RETAIN_SELF = YES;
				CLANG_WARN_OBJC_LITERAL_CONVERSION = YES;
				CLANG_WARN_OBJC_ROOT_CLASS = YES_ERROR;
				CLANG_WARN_RANGE_LOOP_ANALYSIS = YES;
				CLANG_WARN_STRICT_PROTOTYPES = YES;
				CLANG_WARN_SUSPICIOUS_MOVE = YES;
				CLANG_WARN_UNGUARDED_AVAILABILITY = YES_AGGRESSIVE;
				CLANG_WARN_UNREACHABLE_CODE = YES;
				CLANG_WARN__DUPLICATE_METHOD_MATCH = YES;
				CODE_SIGN_IDENTITY = "iPhone Developer";
				COPY_PHASE_STRIP = NO;
				DEBUG_INFORMATION_FORMAT = dwarf;
				ENABLE_STRICT_OBJC_MSGSEND = YES;
				ENABLE_TESTABILITY = YES;
				GCC_C_LANGUAGE_STANDARD = gnu11;
				GCC_DYNAMIC_NO_PIC = NO;
				GCC_NO_COMMON_BLOCKS = YES;
				GCC_OPTIMIZATION_LEVEL = 0;
				GCC_PREPROCESSOR_DEFINITIONS = (
					"DEBUG=1",
					"$(inherited)",
				);
				GCC_WARN_64_TO_32_BIT_CONVERSION = YES;
				GCC_WARN_ABOUT_RETURN_TYPE = YES_ERROR;
				GCC_WARN_UNDECLARED_SELECTOR = YES;
				GCC_WARN_UNINITIALIZED_AUTOS = YES_AGGRESSIVE;
				GCC_WARN_UNUSED_FUNCTION = YES;
				GCC_WARN_UNUSED_VARIABLE = YES;
				IPHONEOS_DEPLOYMENT_TARGET = 12.1;
				MTL_ENABLE_DEBUG_INFO = INCLUDE_SOURCE;
				MTL_FAST_MATH = YES;
				ONLY_ACTIVE_ARCH = YES;
				SDKROOT = iphoneos;
				SWIFT_ACTIVE_COMPILATION_CONDITIONS = DEBUG;
				SWIFT_OPTIMIZATION_LEVEL = "-Onone";
			};
			name = Debug;
		};
		582F6FE92260120400AA183D /* Release */ = {
			isa = XCBuildConfiguration;
			buildSettings = {
				ALWAYS_SEARCH_USER_PATHS = NO;
				CLANG_ANALYZER_NONNULL = YES;
				CLANG_ANALYZER_NUMBER_OBJECT_CONVERSION = YES_AGGRESSIVE;
				CLANG_CXX_LANGUAGE_STANDARD = "gnu++14";
				CLANG_CXX_LIBRARY = "libc++";
				CLANG_ENABLE_MODULES = YES;
				CLANG_ENABLE_OBJC_ARC = YES;
				CLANG_ENABLE_OBJC_WEAK = YES;
				CLANG_WARN_BLOCK_CAPTURE_AUTORELEASING = YES;
				CLANG_WARN_BOOL_CONVERSION = YES;
				CLANG_WARN_COMMA = YES;
				CLANG_WARN_CONSTANT_CONVERSION = YES;
				CLANG_WARN_DEPRECATED_OBJC_IMPLEMENTATIONS = YES;
				CLANG_WARN_DIRECT_OBJC_ISA_USAGE = YES_ERROR;
				CLANG_WARN_DOCUMENTATION_COMMENTS = YES;
				CLANG_WARN_EMPTY_BODY = YES;
				CLANG_WARN_ENUM_CONVERSION = YES;
				CLANG_WARN_INFINITE_RECURSION = YES;
				CLANG_WARN_INT_CONVERSION = YES;
				CLANG_WARN_NON_LITERAL_NULL_CONVERSION = YES;
				CLANG_WARN_OBJC_IMPLICIT_RETAIN_SELF = YES;
				CLANG_WARN_OBJC_LITERAL_CONVERSION = YES;
				CLANG_WARN_OBJC_ROOT_CLASS = YES_ERROR;
				CLANG_WARN_RANGE_LOOP_ANALYSIS = YES;
				CLANG_WARN_STRICT_PROTOTYPES = YES;
				CLANG_WARN_SUSPICIOUS_MOVE = YES;
				CLANG_WARN_UNGUARDED_AVAILABILITY = YES_AGGRESSIVE;
				CLANG_WARN_UNREACHABLE_CODE = YES;
				CLANG_WARN__DUPLICATE_METHOD_MATCH = YES;
				CODE_SIGN_IDENTITY = "iPhone Developer";
				COPY_PHASE_STRIP = NO;
				DEBUG_INFORMATION_FORMAT = "dwarf-with-dsym";
				ENABLE_NS_ASSERTIONS = NO;
				ENABLE_STRICT_OBJC_MSGSEND = YES;
				GCC_C_LANGUAGE_STANDARD = gnu11;
				GCC_NO_COMMON_BLOCKS = YES;
				GCC_WARN_64_TO_32_BIT_CONVERSION = YES;
				GCC_WARN_ABOUT_RETURN_TYPE = YES_ERROR;
				GCC_WARN_UNDECLARED_SELECTOR = YES;
				GCC_WARN_UNINITIALIZED_AUTOS = YES_AGGRESSIVE;
				GCC_WARN_UNUSED_FUNCTION = YES;
				GCC_WARN_UNUSED_VARIABLE = YES;
				IPHONEOS_DEPLOYMENT_TARGET = 12.1;
				MTL_ENABLE_DEBUG_INFO = NO;
				MTL_FAST_MATH = YES;
				SDKROOT = iphoneos;
				SWIFT_COMPILATION_MODE = wholemodule;
				SWIFT_OPTIMIZATION_LEVEL = "-O";
				VALIDATE_PRODUCT = YES;
			};
			name = Release;
		};
		582F6FEB2260120400AA183D /* Debug */ = {
			isa = XCBuildConfiguration;
			buildSettings = {
				ASSETCATALOG_COMPILER_APPICON_NAME = AppIcon;
				CODE_SIGN_STYLE = Automatic;
				DEVELOPMENT_TEAM = MY3U83Y58H;
				INFOPLIST_FILE = Project20/Info.plist;
				LD_RUNPATH_SEARCH_PATHS = (
					"$(inherited)",
					"@executable_path/Frameworks",
				);
				PRODUCT_BUNDLE_IDENTIFIER = giulia.boscaro.Project20;
				PRODUCT_NAME = "$(TARGET_NAME)";
				SWIFT_VERSION = 4.2;
				TARGETED_DEVICE_FAMILY = 2;
			};
			name = Debug;
		};
		582F6FEC2260120400AA183D /* Release */ = {
			isa = XCBuildConfiguration;
			buildSettings = {
				ASSETCATALOG_COMPILER_APPICON_NAME = AppIcon;
				CODE_SIGN_STYLE = Automatic;
				DEVELOPMENT_TEAM = MY3U83Y58H;
				INFOPLIST_FILE = Project20/Info.plist;
				LD_RUNPATH_SEARCH_PATHS = (
					"$(inherited)",
					"@executable_path/Frameworks",
				);
				PRODUCT_BUNDLE_IDENTIFIER = giulia.boscaro.Project20;
				PRODUCT_NAME = "$(TARGET_NAME)";
				SWIFT_VERSION = 4.2;
				TARGETED_DEVICE_FAMILY = 2;
			};
			name = Release;
		};
/* End XCBuildConfiguration section */

/* Begin XCConfigurationList section */
		582F6FCD226011FA00AA183D /* Build configuration list for PBXProject "Project20" */ = {
			isa = XCConfigurationList;
			buildConfigurations = (
				582F6FE82260120400AA183D /* Debug */,
				582F6FE92260120400AA183D /* Release */,
			);
			defaultConfigurationIsVisible = 0;
			defaultConfigurationName = Release;
		};
		582F6FEA2260120400AA183D /* Build configuration list for PBXNativeTarget "Project20" */ = {
			isa = XCConfigurationList;
			buildConfigurations = (
				582F6FEB2260120400AA183D /* Debug */,
				582F6FEC2260120400AA183D /* Release */,
			);
			defaultConfigurationIsVisible = 0;
			defaultConfigurationName = Release;
		};
/* End XCConfigurationList section */
	};
	rootObject = 582F6FCA226011FA00AA183D /* Project object */;
}
